{
  "name": "rainy-research",
  "version": "1.0.0",
  "lockfileVersion": 3,
  "requires": true,
  "packages": {
    "": {
      "name": "rainy-research",
      "version": "1.0.0",
      "license": "PolyForm-Noncommercial-1.0.0",
      "dependencies": {
        "@xterm/addon-fit": "^0.10.0",
        "@xterm/xterm": "^5.5.0",
        "dompurify": "^3.3.1",
        "highlight.js": "^11.11.1",
        "marked": "^16.4.2",
        "node-pty": "^1.0.0",
        "ssh2": "^1.16.0"
      }
    },
    "node_modules/@types/trusted-types": {
      "version": "2.0.7",
      "resolved": "https://registry.npmjs.org/@types/trusted-types/-/trusted-types-2.0.7.tgz",
      "integrity": "sha512-ScaPdn1dQczgbl0QFTeTOmVHFULt394XJgOQNoyVhZ6r2vLnMLJfBPd53SB52T/3G36VI1/g2MZaX0cwDuXsfw==",
      "license": "MIT",
      "optional": true
    },
    "node_modules/@xterm/addon-fit": {
      "version": "0.10.0",
      "resolved": "https://registry.npmjs.org/@xterm/addon-fit/-/addon-fit-0.10.0.tgz",
      "integrity": "sha512-UFYkDm4HUahf2lnEyHvio51TNGiLK66mqP2JoATy7hRZeXaGMRDr00JiSF7m63vR5WKATF605yEggJKsw0JpMQ==",
      "license": "MIT",
      "peerDependencies": {
        "@xterm/xterm": "^5.0.0"
      }
    },
    "node_modules/@xterm/xterm": {
      "version": "5.5.0",
      "resolved": "https://registry.npmjs.org/@xterm/xterm/-/xterm-5.5.0.tgz",
      "integrity": "sha512-hqJHYaQb5OptNunnyAnkHyM8aCjZ1MEIDTQu1iIbbTD/xops91NB5yq1ZK/dC2JDbVWtF23zUtl9JE2NqwT87A==",
      "license": "MIT"
    },
    "node_modules/asn1": {
      "version": "0.2.6",
      "resolved": "https://registry.npmjs.org/asn1/-/asn1-0.2.6.tgz",
      "integrity": "sha512-ix/FxPn0MDjeyJ7i/yoHGFt/EX6LyNbxSEhPPXODPL+KB0VPk86UYfL0lMdy+KCnv+fmvIzySwaK5COwqVbWTQ==",
      "license": "MIT",
      "dependencies": {
        "safer-buffer": "~2.1.0"
      }
    },
    "node_modules/bcrypt-pbkdf": {
      "version": "1.0.2",
      "resolved": "https://registry.npmjs.org/bcrypt-pbkdf/-/bcrypt-pbkdf-1.0.2.tgz",
      "integrity": "sha512-qeFIXtP4MSoi6NLqO12WfqARWWuCKi2Rn/9hJLEmtB5yTNr9DqFWkJRCf2qShWzPeAMRnOgCrq0sg/KLv5ES9w==",
      "license": "BSD-3-Clause",
      "dependencies": {
        "tweetnacl": "^0.14.3"
      }
    },
    "node_modules/buildcheck": {
      "version": "0.0.7",
      "resolved": "https://registry.npmjs.org/buildcheck/-/buildcheck-0.0.7.tgz",
      "integrity": "sha512-lHblz4ahamxpTmnsk+MNTRWsjYKv965MwOrSJyeD588rR3Jcu7swE+0wN5F+PbL5cjgu/9ObkhfzEPuofEMwLA==",
      "optional": true,
      "engines": {
        "node": ">=10.0.0"
      }
    },
    "node_modules/cpu-features": {
      "version": "0.0.10",
      "resolved": "https://registry.npmjs.org/cpu-features/-/cpu-features-0.0.10.tgz",
      "integrity": "sha512-9IkYqtX3YHPCzoVg1Py+o9057a3i0fp7S530UWokCSaFVTc7CwXPRiOjRjBQQ18ZCNafx78YfnG+HALxtVmOGA==",
      "hasInstallScript": true,
      "optional": true,
      "dependencies": {
        "buildcheck": "~0.0.6",
        "nan": "^2.19.0"
      },
      "engines": {
        "node": ">=10.0.0"
      }
    },
    "node_modules/dompurify": {
      "version": "3.4.8",
      "resolved": "https://registry.npmjs.org/dompurify/-/dompurify-3.4.8.tgz",
      "integrity": "sha512-yb1cEmaOum7wFvOCSQxyfgVlv5D47Rc30iZWoMpbDIWTnJ6grDDQyu2KFJzB2k7u0pMuJcQ1zphH//fFnw2tjQ==",
      "license": "(MPL-2.0 OR Apache-2.0)",
      "optionalDependencies": {
        "@types/trusted-types": "^2.0.7"
      }
    },
    "node_modules/highlight.js": {
      "version": "11.11.1",
      "resolved": "https://registry.npmjs.org/highlight.js/-/highlight.js-11.11.1.tgz",
      "integrity": "sha512-Xwwo44whKBVCYoliBQwaPvtd/2tYFkRQtXDWj1nackaV2JPXx3L0+Jvd8/qCJ2p+ML0/XVkJ2q+Mr+UVdpJK5w==",
      "license": "BSD-3-Clause",
      "engines": {
        "node": ">=12.0.0"
      }
    },
    "node_modules/marked": {
      "version": "16.4.2",
      "resolved": "https://registry.npmjs.org/marked/-/marked-16.4.2.tgz",
      "integrity": "sha512-TI3V8YYWvkVf3KJe1dRkpnjs68JUPyEa5vjKrp1XEEJUAOaQc+Qj+L1qWbPd0SJuAdQkFU0h73sXXqwDYxsiDA==",
      "license": "MIT",
      "bin": {
        "marked": "bin/marked.js"
      },
      "engines": {
        "node": ">= 20"
      }
    },
    "node_modules/nan": {
      "version": "2.27.0",
      "resolved": "https://registry.npmjs.org/nan/-/nan-2.27.0.tgz",
      "integrity": "sha512-hC+0LidcL3XE4rp1C4H54KujgXKzbfyTngZTwBByQxsOxCEKZT0MPQ4hOKUH2jU1OYstqdDH4onyHPDzcV0XdQ==",
      "license": "MIT",
      "optional": true
    },
    "node_modules/node-addon-api": {
      "version": "7.1.1",
      "resolved": "https://registry.npmjs.org/node-addon-api/-/node-addon-api-7.1.1.tgz",
      "integrity": "sha512-5m3bsyrjFWE1xf7nz7YXdN4udnVtXK6/Yfgn5qnahL6bCkf2yKt4k3nuTKAtT4r3IG8JNR2ncsIMdZuAzJjHQQ==",
      "license": "MIT"
    },
    "node_modules/node-pty": {
      "version": "1.1.0",
      "resolved": "https://registry.npmjs.org/node-pty/-/node-pty-1.1.0.tgz",
      "integrity": "sha512-20JqtutY6JPXTUnL0ij1uad7Qe1baT46lyolh2sSENDd4sTzKZ4nmAFkeAARDKwmlLjPx6XKRlwRUxwjOy+lUg==",
      "hasInstallScript": true,
      "license": "MIT",
      "dependencies": {
        "node-addon-api": "^7.1.0"
      }
    },
    "node_modules/safer-buffer": {
      "version": "2.1.2",
      "resolved": "https://registry.npmjs.org/safer-buffer/-/safer-buffer-2.1.2.tgz",
      "integrity": "sha512-YZo3K82SD7Riyi0E1EQPojLz7kpepnSQI9IyPbHHg1XXXevb5dJI7tpyN2ADxGcQbHG7vcyRHk0cbwqcQriUtg==",
      "license": "MIT"
    },
    "node_modules/ssh2": {
      "version": "1.17.0",
      "resolved": "https://registry.npmjs.org/ssh2/-/ssh2-1.17.0.tgz",
      "integrity": "sha512-wPldCk3asibAjQ/kziWQQt1Wh3PgDFpC0XpwclzKcdT1vql6KeYxf5LIt4nlFkUeR8WuphYMKqUA56X4rjbfgQ==",
      "hasInstallScript": true,
      "dependencies": {
        "asn1": "^0.2.6",
        "bcrypt-pbkdf": "^1.0.2"
      },
      "engines": {
        "node": ">=10.16.0"
      },
      "optionalDependencies": {
        "cpu-features": "~0.0.10",
        "nan": "^2.23.0"
      }
    },
    "node_modules/tweetnacl": {
      "version": "0.14.5",
      "resolved": "https://registry.npmjs.org/tweetnacl/-/tweetnacl-0.14.5.tgz",
      "integrity": "sha512-KXXFFdAbFXY4geFIwoyNK+f5Z1b7swfXABfL7HXCmoIWMKU3dmS26672A4EeQtDzLKy7SXmfBu51JolvEKwtGA==",
      "license": "Unlicense"
    }
  }
}
